{
    "name": "agentpad13-emulator-smoke",
    "lockfileVersion": 3,
    "requires": true,
    "packages": {
        "": {
            "name": "agentpad13-emulator-smoke",
            "dependencies": {
                "rp2040js": "1.3.3"
            }
        },
        "node_modules/rp2040js": {
            "version": "1.3.3",
            "resolved": "https://registry.npmjs.org/rp2040js/-/rp2040js-1.3.3.tgz",
            "integrity": "sha512-6uE6/Ht8L654aF3fB8HS6ICmywzEq1KN71XZq45RR0BUs9SUitPoy+mySoLEHPso6mu2695RCS1hKnchRlGhMA==",
            "license": "MIT",
            "engines": {
                "node": ">=18.0.0"
            }
        }
    }
}
